{
    "requires": true,
    "lockfileVersion": 1,
    "dependencies": {
        "amdefine": {
            "version": "1.0.1",
            "resolved": "https://registry.npmjs.org/amdefine/-/amdefine-1.0.1.tgz",
            "integrity": "sha1-SlKCrBZHKek2Gbz9OtFR+BfOkfU="
        },
        "atob": {
            "version": "1.1.3",
            "resolved": "https://registry.npmjs.org/atob/-/atob-1.1.3.tgz",
            "integrity": "sha1-lfE2KbEsOlGl0hWr3OKqnzL4B3M="
        },
        "biskviit": {
            "version": "1.0.1",
            "resolved": "https://registry.npmjs.org/biskviit/-/biskviit-1.0.1.tgz",
            "integrity": "sha1-A3oM1LcbnjMf2QoRIt4X3EnkIKc=",
            "requires": {
                "psl": "^1.1.7"
            }
        },
        "css": {
            "version": "2.2.1",
            "resolved": "https://registry.npmjs.org/css/-/css-2.2.1.tgz",
            "integrity": "sha1-c6TIHehdtmTU7mdPfUcIXjstVdw=",
            "requires": {
                "inherits": "^2.0.1",
                "source-map": "^0.1.38",
                "source-map-resolve": "^0.3.0",
                "urix": "^0.1.0"
            }
        },
        "encoding": {
            "version": "0.1.12",
            "resolved": "https://registry.npmjs.org/encoding/-/encoding-0.1.12.tgz",
            "integrity": "sha1-U4tm8+5izRq1HsMjgp0flIDHS+s=",
            "requires": {
                "iconv-lite": "~0.4.13"
            }
        },
        "fetch": {
            "version": "1.1.0",
            "resolved": "https://registry.npmjs.org/fetch/-/fetch-1.1.0.tgz",
            "integrity": "sha1-CoJ58Gvjf58Ou1Z1YKMKSA2lmi4=",
            "requires": {
                "biskviit": "1.0.1",
                "encoding": "0.1.12"
            }
        },
        "iconv-lite": {
            "version": "0.4.24",
            "resolved": "https://registry.npmjs.org/iconv-lite/-/iconv-lite-0.4.24.tgz",
            "integrity": "sha512-v3MXnZAcvnywkTUEZomIActle7RXXeedOR31wwl7VlyoXO4Qi9arvSenNQWne1TcRwhCL1HwLI21bEqdpj8/rA==",
            "requires": {
                "safer-buffer": ">= 2.1.2 < 3"
            }
        },
        "inherits": {
            "version": "2.0.4",
            "resolved": "https://registry.npmjs.org/inherits/-/inherits-2.0.4.tgz",
            "integrity": "sha512-k/vGaX4/Yla3WzyMCvTQOXYeIHvqOKtnqBduzTHpzpQZzAskKMhZ2K+EnBiSM9zGSoIFeMpXKxa4dYeZIQqewQ=="
        },
        "native-css": {
            "version": "2.0.0",
            "resolved": "https://registry.npmjs.org/native-css/-/native-css-2.0.0.tgz",
            "integrity": "sha1-VWgaEhKLAaZTiscJfzYFOE+8Fos=",
            "requires": {
                "css": "2.2.1",
                "fetch": "^1.0.1"
            }
        },
        "psl": {
            "version": "1.8.0",
            "resolved": "https://registry.npmjs.org/psl/-/psl-1.8.0.tgz",
            "integrity": "sha512-RIdOzyoavK+hA18OGGWDqUTsCLhtA7IcZ/6NCs4fFJaHBDab+pDDmDIByWFRQJq2Cd7r1OoQxBGKOaztq+hjIQ=="
        },
        "resolve-url": {
            "version": "0.2.1",
            "resolved": "https://registry.npmjs.org/resolve-url/-/resolve-url-0.2.1.tgz",
            "integrity": "sha1-LGN/53yJOv0qZj/iGqkIAGjiBSo="
        },
        "safer-buffer": {
            "version": "2.1.2",
            "resolved": "https://registry.npmjs.org/safer-buffer/-/safer-buffer-2.1.2.tgz",
            "integrity": "sha512-YZo3K82SD7Riyi0E1EQPojLz7kpepnSQI9IyPbHHg1XXXevb5dJI7tpyN2ADxGcQbHG7vcyRHk0cbwqcQriUtg=="
        },
        "source-map": {
            "version": "0.1.43",
            "resolved": "https://registry.npmjs.org/source-map/-/source-map-0.1.43.tgz",
            "integrity": "sha1-wkvBRspRfBRx9drL4lcbK3+eM0Y=",
            "requires": {
                "amdefine": ">=0.0.4"
            }
        },
        "source-map-resolve": {
            "version": "0.3.1",
            "resolved": "https://registry.npmjs.org/source-map-resolve/-/source-map-resolve-0.3.1.tgz",
            "integrity": "sha1-YQ9hIqRFuN1RU1oqcbeD38Ekh2E=",
            "requires": {
                "atob": "~1.1.0",
                "resolve-url": "~0.2.1",
                "source-map-url": "~0.3.0",
                "urix": "~0.1.0"
            }
        },
        "source-map-url": {
            "version": "0.3.0",
            "resolved": "https://registry.npmjs.org/source-map-url/-/source-map-url-0.3.0.tgz",
            "integrity": "sha1-fsrxO1e80J2opAxdJp2zN5nUqvk="
        },
        "urix": {
            "version": "0.1.0",
            "resolved": "https://registry.npmjs.org/urix/-/urix-0.1.0.tgz",
            "integrity": "sha1-2pN/emLiH+wf0Y1Js1wpNQZ6bHI="
        }
    }
}
